
Microsoft Visual Studio Solution File, Format Version 12.00
# Visual Studio Version 16
VisualStudioVersion = 16.0.31624.102
MinimumVisualStudioVersion = 10.0.40219.1
Project("{FAE04EC0-301F-11D3-BF4B-00C04F79EFBC}") = "Lymbda_Exp_01", "Lymbda_Exp_01\Lymbda_Exp_01.csproj", "{D5C624EB-D488-4A40-A7E6-2BD28612C124}"
EndProject
Global
	GlobalSection(SolutionConfigurationPlatforms) = preSolution
		Debug|Any CPU = Debug|Any CPU
		Release|Any CPU = Release|Any CPU
	EndGlobalSection
	GlobalSection(ProjectConfigurationPlatforms) = postSolution
		{D5C624EB-D488-4A40-A7E6-2BD28612C124}.Debug|Any CPU.ActiveCfg = Debug|Any CPU
		{D5C624EB-D488-4A40-A7E6-2BD28612C124}.Debug|Any CPU.Build.0 = Debug|Any CPU
		{D5C624EB-D488-4A40-A7E6-2BD28612C124}.Release|Any CPU.ActiveCfg = Release|Any CPU
		{D5C624EB-D488-4A40-A7E6-2BD28612C124}.Release|Any CPU.Build.0 = Release|Any CPU
	EndGlobalSection
	GlobalSection(SolutionProperties) = preSolution
		HideSolutionNode = FALSE
	EndGlobalSection
	GlobalSection(ExtensibilityGlobals) = postSolution
		SolutionGuid = {0383014E-ADC6-4CB4-A8CD-301F944EF335}
	EndGlobalSection
EndGlobal
